{
  "version": 4,
  "terraform_version": "1.5.6",
  "serial": 43,
  "lineage": "80187bc7-f4e5-7983-8a6e-d3a764faead7",
  "outputs": {},
  "resources": [
    {
      "module": "module.vpc_1",
      "mode": "data",
      "type": "aws_vpc",
      "name": "vpc-prod",
      "provider": "provider[\"registry.terraform.io/hashicorp/aws\"]",
      "instances": [
        {
          "index_key": 0,
          "schema_version": 0,
          "attributes": {
            "arn": "arn:aws:ec2:us-east-1:792625104377:vpc/vpc-0f7512803641704be",
            "cidr_block": "10.1.0.0/16",
            "cidr_block_associations": [
              {
                "association_id": "vpc-cidr-assoc-0bcc083d1837ef2e0",
                "cidr_block": "10.1.0.0/16",
                "state": "associated"
              }
            ],
            "default": false,
            "dhcp_options_id": "dopt-0441c652e05478242",
            "enable_dns_hostnames": true,
            "enable_dns_support": true,
            "enable_network_address_usage_metrics": false,
            "filter": [
              {
                "name": "tag:Name",
                "values": [
                  "Vpc-us-east-2"
                ]
              }
            ],
            "id": "vpc-0f7512803641704be",
            "instance_tenancy": "default",
            "ipv6_association_id": "",
            "ipv6_cidr_block": "",
            "main_route_table_id": "rtb-0dfcf95ec23321d77",
            "owner_id": "792625104377",
            "region": "us-east-1",
            "state": null,
            "tags": {
              "Environment": "Prod",
              "Name": "Vpc-us-east-2"
            },
            "timeouts": null
          },
          "sensitive_attributes": []
        }
      ]
    },
    {
      "module": "module.vpc_1",
      "mode": "managed",
      "type": "aws_internet_gateway",
      "name": "internet_gateway",
      "provider": "provider[\"registry.terraform.io/hashicorp/aws\"]",
      "instances": [
        {
          "schema_version": 0,
          "attributes": {
            "arn": "arn:aws:ec2:us-east-1:792625104377:internet-gateway/igw-04be27b12182bd049",
            "id": "igw-04be27b12182bd049",
            "owner_id": "792625104377",
            "region": "us-east-1",
            "tags": {
              "Environment": "Dev",
              "Name": "internet_Gateway-Vpc-us-east-1"
            },
            "tags_all": {
              "Environment": "Dev",
              "Name": "internet_Gateway-Vpc-us-east-1"
            },
            "timeouts": null,
            "vpc_id": "vpc-04786a762b48c36be"
          },
          "sensitive_attributes": [],
          "private": "eyJlMmJmYjczMC1lY2FhLTExZTYtOGY4OC0zNDM2M2JjN2M0YzAiOnsiY3JlYXRlIjoxMjAwMDAwMDAwMDAwLCJkZWxldGUiOjEyMDAwMDAwMDAwMDAsInVwZGF0ZSI6MTIwMDAwMDAwMDAwMH19",
          "dependencies": [
            "module.vpc_1.aws_vpc.vpc"
          ]
        }
      ]
    },
    {
      "module": "module.vpc_1",
      "mode": "managed",
      "type": "aws_route_table",
      "name": "route_table",
      "provider": "provider[\"registry.terraform.io/hashicorp/aws\"]",
      "instances": [
        {
          "index_key": "1",
          "schema_version": 0,
          "attributes": {
            "arn": "arn:aws:ec2:us-east-1:792625104377:route-table/rtb-0be3ea39a780afcdf",
            "id": "rtb-0be3ea39a780afcdf",
            "owner_id": "792625104377",
            "propagating_vgws": [],
            "region": "us-east-1",
            "route": [],
            "tags": {
              "Environment": "Dev",
              "Name": "private-route-table-Vpc-us-east-1"
            },
            "tags_all": {
              "Environment": "Dev",
              "Name": "private-route-table-Vpc-us-east-1"
            },
            "timeouts": null,
            "vpc_id": "vpc-04786a762b48c36be"
          },
          "sensitive_attributes": [],
          "private": "eyJlMmJmYjczMC1lY2FhLTExZTYtOGY4OC0zNDM2M2JjN2M0YzAiOnsiY3JlYXRlIjozMDAwMDAwMDAwMDAsImRlbGV0ZSI6MzAwMDAwMDAwMDAwLCJ1cGRhdGUiOjEyMDAwMDAwMDAwMH19",
          "dependencies": [
            "module.vpc_1.aws_vpc.vpc"
          ]
        },
        {
          "index_key": "2",
          "schema_version": 0,
          "attributes": {
            "arn": "arn:aws:ec2:us-east-1:792625104377:route-table/rtb-07c45aa66469b0a8a",
            "id": "rtb-07c45aa66469b0a8a",
            "owner_id": "792625104377",
            "propagating_vgws": [],
            "region": "us-east-1",
            "route": [],
            "tags": {
              "Environment": "Dev",
              "Name": "public-route-table-Vpc-us-east-1"
            },
            "tags_all": {
              "Environment": "Dev",
              "Name": "public-route-table-Vpc-us-east-1"
            },
            "timeouts": null,
            "vpc_id": "vpc-04786a762b48c36be"
          },
          "sensitive_attributes": [],
          "private": "eyJlMmJmYjczMC1lY2FhLTExZTYtOGY4OC0zNDM2M2JjN2M0YzAiOnsiY3JlYXRlIjozMDAwMDAwMDAwMDAsImRlbGV0ZSI6MzAwMDAwMDAwMDAwLCJ1cGRhdGUiOjEyMDAwMDAwMDAwMH19",
          "dependencies": [
            "module.vpc_1.aws_vpc.vpc"
          ]
        }
      ]
    },
    {
      "module": "module.vpc_1",
      "mode": "managed",
      "type": "aws_route_table_association",
      "name": "private-route_table_association",
      "provider": "provider[\"registry.terraform.io/hashicorp/aws\"]",
      "instances": [
        {
          "schema_version": 0,
          "attributes": {
            "gateway_id": "",
            "id": "rtbassoc-06da56ced5eaec513",
            "region": "us-east-1",
            "route_table_id": "rtb-0be3ea39a780afcdf",
            "subnet_id": "subnet-04ff2319ca3931dde",
            "timeouts": null
          },
          "sensitive_attributes": [],
          "private": "eyJlMmJmYjczMC1lY2FhLTExZTYtOGY4OC0zNDM2M2JjN2M0YzAiOnsiY3JlYXRlIjozMDAwMDAwMDAwMDAsImRlbGV0ZSI6MzAwMDAwMDAwMDAwLCJ1cGRhdGUiOjEyMDAwMDAwMDAwMH19",
          "dependencies": [
            "module.vpc_1.aws_route_table.route_table",
            "module.vpc_1.aws_subnet.subnets",
            "module.vpc_1.aws_vpc.vpc"
          ]
        }
      ]
    },
    {
      "module": "module.vpc_1",
      "mode": "managed",
      "type": "aws_route_table_association",
      "name": "public-route_table_association",
      "provider": "provider[\"registry.terraform.io/hashicorp/aws\"]",
      "instances": [
        {
          "schema_version": 0,
          "attributes": {
            "gateway_id": "",
            "id": "rtbassoc-0d9f2213e73f566eb",
            "region": "us-east-1",
            "route_table_id": "rtb-07c45aa66469b0a8a",
            "subnet_id": "subnet-032a64bb693e7c0cd",
            "timeouts": null
          },
          "sensitive_attributes": [],
          "private": "eyJlMmJmYjczMC1lY2FhLTExZTYtOGY4OC0zNDM2M2JjN2M0YzAiOnsiY3JlYXRlIjozMDAwMDAwMDAwMDAsImRlbGV0ZSI6MzAwMDAwMDAwMDAwLCJ1cGRhdGUiOjEyMDAwMDAwMDAwMH19",
          "dependencies": [
            "module.vpc_1.aws_route_table.route_table",
            "module.vpc_1.aws_subnet.subnets",
            "module.vpc_1.aws_vpc.vpc"
          ]
        }
      ]
    },
    {
      "module": "module.vpc_1",
      "mode": "managed",
      "type": "aws_subnet",
      "name": "subnets",
      "provider": "provider[\"registry.terraform.io/hashicorp/aws\"]",
      "instances": [
        {
          "index_key": "private-subnet-Vpc-us-east-1-1",
          "schema_version": 1,
          "attributes": {
            "arn": "arn:aws:ec2:us-east-1:792625104377:subnet/subnet-04ff2319ca3931dde",
            "assign_ipv6_address_on_creation": false,
            "availability_zone": "us-east-1f",
            "availability_zone_id": "use1-az5",
            "cidr_block": "10.0.0.0/24",
            "customer_owned_ipv4_pool": "",
            "enable_dns64": false,
            "enable_lni_at_device_index": 0,
            "enable_resource_name_dns_a_record_on_launch": false,
            "enable_resource_name_dns_aaaa_record_on_launch": false,
            "id": "subnet-04ff2319ca3931dde",
            "ipv6_cidr_block": "",
            "ipv6_cidr_block_association_id": "",
            "ipv6_native": false,
            "map_customer_owned_ip_on_launch": false,
            "map_public_ip_on_launch": false,
            "outpost_arn": "",
            "owner_id": "792625104377",
            "private_dns_hostname_type_on_launch": "ip-name",
            "region": "us-east-1",
            "tags": {
              "Environment": "Dev",
              "Name": "private-subnet-Vpc-us-east-1-1"
            },
            "tags_all": {
              "Environment": "Dev",
              "Name": "private-subnet-Vpc-us-east-1-1"
            },
            "timeouts": null,
            "vpc_id": "vpc-04786a762b48c36be"
          },
          "sensitive_attributes": [],
          "private": "eyJlMmJmYjczMC1lY2FhLTExZTYtOGY4OC0zNDM2M2JjN2M0YzAiOnsiY3JlYXRlIjo2MDAwMDAwMDAwMDAsImRlbGV0ZSI6MTIwMDAwMDAwMDAwMH0sInNjaGVtYV92ZXJzaW9uIjoiMSJ9",
          "dependencies": [
            "module.vpc_1.aws_vpc.vpc"
          ]
        },
        {
          "index_key": "public-subnet-Vpc-us-east-1-2",
          "schema_version": 1,
          "attributes": {
            "arn": "arn:aws:ec2:us-east-1:792625104377:subnet/subnet-032a64bb693e7c0cd",
            "assign_ipv6_address_on_creation": false,
            "availability_zone": "us-east-1f",
            "availability_zone_id": "use1-az5",
            "cidr_block": "10.0.1.0/24",
            "customer_owned_ipv4_pool": "",
            "enable_dns64": false,
            "enable_lni_at_device_index": 0,
            "enable_resource_name_dns_a_record_on_launch": false,
            "enable_resource_name_dns_aaaa_record_on_launch": false,
            "id": "subnet-032a64bb693e7c0cd",
            "ipv6_cidr_block": "",
            "ipv6_cidr_block_association_id": "",
            "ipv6_native": false,
            "map_customer_owned_ip_on_launch": false,
            "map_public_ip_on_launch": true,
            "outpost_arn": "",
            "owner_id": "792625104377",
            "private_dns_hostname_type_on_launch": "ip-name",
            "region": "us-east-1",
            "tags": {
              "Environment": "Dev",
              "Name": "public-subnet-Vpc-us-east-1-2"
            },
            "tags_all": {
              "Environment": "Dev",
              "Name": "public-subnet-Vpc-us-east-1-2"
            },
            "timeouts": null,
            "vpc_id": "vpc-04786a762b48c36be"
          },
          "sensitive_attributes": [],
          "private": "eyJlMmJmYjczMC1lY2FhLTExZTYtOGY4OC0zNDM2M2JjN2M0YzAiOnsiY3JlYXRlIjo2MDAwMDAwMDAwMDAsImRlbGV0ZSI6MTIwMDAwMDAwMDAwMH0sInNjaGVtYV92ZXJzaW9uIjoiMSJ9",
          "dependencies": [
            "module.vpc_1.aws_vpc.vpc"
          ]
        }
      ]
    },
    {
      "module": "module.vpc_1",
      "mode": "managed",
      "type": "aws_vpc",
      "name": "vpc",
      "provider": "provider[\"registry.terraform.io/hashicorp/aws\"]",
      "instances": [
        {
          "schema_version": 1,
          "attributes": {
            "arn": "arn:aws:ec2:us-east-1:792625104377:vpc/vpc-04786a762b48c36be",
            "assign_generated_ipv6_cidr_block": false,
            "cidr_block": "10.0.0.0/16",
            "default_network_acl_id": "acl-080ffaa186bbbbd6a",
            "default_route_table_id": "rtb-061f13a4014ff8a1c",
            "default_security_group_id": "sg-09778ff1a2f98f583",
            "dhcp_options_id": "dopt-0441c652e05478242",
            "enable_dns_hostnames": true,
            "enable_dns_support": true,
            "enable_network_address_usage_metrics": false,
            "id": "vpc-04786a762b48c36be",
            "instance_tenancy": "default",
            "ipv4_ipam_pool_id": null,
            "ipv4_netmask_length": null,
            "ipv6_association_id": "",
            "ipv6_cidr_block": "",
            "ipv6_cidr_block_network_border_group": "",
            "ipv6_ipam_pool_id": "",
            "ipv6_netmask_length": 0,
            "main_route_table_id": "rtb-061f13a4014ff8a1c",
            "owner_id": "792625104377",
            "region": "us-east-1",
            "tags": {
              "Environment": "Dev",
              "Name": "Vpc-us-east-1"
            },
            "tags_all": {
              "Environment": "Dev",
              "Name": "Vpc-us-east-1"
            }
          },
          "sensitive_attributes": [],
          "private": "eyJzY2hlbWFfdmVyc2lvbiI6IjEifQ=="
        }
      ]
    },
    {
      "module": "module.vpc_1",
      "mode": "managed",
      "type": "aws_vpc_peering_connection",
      "name": "peering",
      "provider": "provider[\"registry.terraform.io/hashicorp/aws\"]",
      "instances": [
        {
          "index_key": 0,
          "schema_version": 0,
          "attributes": {
            "accept_status": "pending-acceptance",
            "accepter": [],
            "auto_accept": false,
            "id": "pcx-0125c53ff00b27fdc",
            "peer_owner_id": "792625104377",
            "peer_region": "us-east-1",
            "peer_vpc_id": "vpc-0f7512803641704be",
            "region": "us-east-1",
            "requester": [
              {
                "allow_remote_vpc_dns_resolution": false
              }
            ],
            "tags": {
              "Environment": "Dev",
              "Name": "dev-vpc-peering"
            },
            "tags_all": {
              "Environment": "Dev",
              "Name": "dev-vpc-peering"
            },
            "timeouts": null,
            "vpc_id": "vpc-04786a762b48c36be"
          },
          "sensitive_attributes": [],
          "private": "eyJlMmJmYjczMC1lY2FhLTExZTYtOGY4OC0zNDM2M2JjN2M0YzAiOnsiY3JlYXRlIjo2MDAwMDAwMDAwMCwiZGVsZXRlIjo2MDAwMDAwMDAwMCwidXBkYXRlIjo2MDAwMDAwMDAwMH19",
          "dependencies": [
            "module.vpc_1.aws_vpc.vpc",
            "module.vpc_1.data.aws_vpc.vpc-prod"
          ]
        }
      ]
    }
  ],
  "check_results": null
}
